{
  "requires": true,
  "lockfileVersion": 1,
  "dependencies": {
    "gojs": {
      "version": "2.0.17",
      "resolved": "https://registry.npmjs.org/gojs/-/gojs-2.0.17.tgz",
      "integrity": "sha512-HibOecpvxV/E/ldIRaVf0pFSFL+4NLvoYAvo4tlSSRKGr50Mn7/+pye/kHJclJwSSP78rEuMzi7nJ9gijqfJ/Q=="
    }
  }
}
